
Microsoft Visual Studio Solution File, Format Version 12.00
# Visual Studio 14
VisualStudioVersion = 14.0.25123.0
MinimumVisualStudioVersion = 10.0.40219.1
Project("{FAE04EC0-301F-11D3-BF4B-00C04F79EFBC}") = "WcfWsSecurity.Service", "WcfWsSecurity.Service\WcfWsSecurity.Service.csproj", "{AD0A4075-73A1-4A7D-BCC0-2C5B44188E95}"
EndProject
Project("{FAE04EC0-301F-11D3-BF4B-00C04F79EFBC}") = "WcfWsSecurity.Client", "WcfWsSecurity.Client\WcfWsSecurity.Client.csproj", "{298997F2-B18B-42FD-8CF7-9754C14F0CAD}"
EndProject
Project("{FAE04EC0-301F-11D3-BF4B-00C04F79EFBC}") = "WcfWsSecurity.Contracts", "WcfWsSecurity.Contracts\WcfWsSecurity.Contracts.csproj", "{DAACF7F6-FEE2-4EC2-8FE4-296DB1391ADB}"
EndProject
Global
	GlobalSection(SolutionConfigurationPlatforms) = preSolution
		Debug|Any CPU = Debug|Any CPU
		Release|Any CPU = Release|Any CPU
	EndGlobalSection
	GlobalSection(ProjectConfigurationPlatforms) = postSolution
		{AD0A4075-73A1-4A7D-BCC0-2C5B44188E95}.Debug|Any CPU.ActiveCfg = Debug|Any CPU
		{AD0A4075-73A1-4A7D-BCC0-2C5B44188E95}.Debug|Any CPU.Build.0 = Debug|Any CPU
		{AD0A4075-73A1-4A7D-BCC0-2C5B44188E95}.Release|Any CPU.ActiveCfg = Release|Any CPU
		{AD0A4075-73A1-4A7D-BCC0-2C5B44188E95}.Release|Any CPU.Build.0 = Release|Any CPU
		{298997F2-B18B-42FD-8CF7-9754C14F0CAD}.Debug|Any CPU.ActiveCfg = Debug|Any CPU
		{298997F2-B18B-42FD-8CF7-9754C14F0CAD}.Debug|Any CPU.Build.0 = Debug|Any CPU
		{298997F2-B18B-42FD-8CF7-9754C14F0CAD}.Release|Any CPU.ActiveCfg = Release|Any CPU
		{298997F2-B18B-42FD-8CF7-9754C14F0CAD}.Release|Any CPU.Build.0 = Release|Any CPU
		{DAACF7F6-FEE2-4EC2-8FE4-296DB1391ADB}.Debug|Any CPU.ActiveCfg = Debug|Any CPU
		{DAACF7F6-FEE2-4EC2-8FE4-296DB1391ADB}.Debug|Any CPU.Build.0 = Debug|Any CPU
		{DAACF7F6-FEE2-4EC2-8FE4-296DB1391ADB}.Release|Any CPU.ActiveCfg = Release|Any CPU
		{DAACF7F6-FEE2-4EC2-8FE4-296DB1391ADB}.Release|Any CPU.Build.0 = Release|Any CPU
	EndGlobalSection
	GlobalSection(SolutionProperties) = preSolution
		HideSolutionNode = FALSE
	EndGlobalSection
EndGlobal
